
Microsoft Visual Studio Solution File, Format Version 12.00
# Visual Studio Version 17
VisualStudioVersion = 17.9.34728.123
MinimumVisualStudioVersion = 10.0.40219.1
Project("{9A19103F-16F7-4668-BE54-9A1E7A4F7556}") = "BlazorApp", "BlazorApp\BlazorApp\BlazorApp.csproj", "{4D2A6971-8620-4AB5-A943-266FF67DE308}"
EndProject
Project("{9A19103F-16F7-4668-BE54-9A1E7A4F7556}") = "BlazorApp.Client", "BlazorApp\BlazorApp.Client\BlazorApp.Client.csproj", "{D6F076F1-D10D-4B6F-957F-A051CAEFF33F}"
EndProject
Global
	GlobalSection(SolutionConfigurationPlatforms) = preSolution
		Debug|Any CPU = Debug|Any CPU
		Release|Any CPU = Release|Any CPU
	EndGlobalSection
	GlobalSection(ProjectConfigurationPlatforms) = postSolution
		{4D2A6971-8620-4AB5-A943-266FF67DE308}.Debug|Any CPU.ActiveCfg = Debug|Any CPU
		{4D2A6971-8620-4AB5-A943-266FF67DE308}.Debug|Any CPU.Build.0 = Debug|Any CPU
		{4D2A6971-8620-4AB5-A943-266FF67DE308}.Release|Any CPU.ActiveCfg = Release|Any CPU
		{4D2A6971-8620-4AB5-A943-266FF67DE308}.Release|Any CPU.Build.0 = Release|Any CPU
		{D6F076F1-D10D-4B6F-957F-A051CAEFF33F}.Debug|Any CPU.ActiveCfg = Debug|Any CPU
		{D6F076F1-D10D-4B6F-957F-A051CAEFF33F}.Debug|Any CPU.Build.0 = Debug|Any CPU
		{D6F076F1-D10D-4B6F-957F-A051CAEFF33F}.Release|Any CPU.ActiveCfg = Release|Any CPU
		{D6F076F1-D10D-4B6F-957F-A051CAEFF33F}.Release|Any CPU.Build.0 = Release|Any CPU
	EndGlobalSection
	GlobalSection(SolutionProperties) = preSolution
		HideSolutionNode = FALSE
	EndGlobalSection
	GlobalSection(ExtensibilityGlobals) = postSolution
		SolutionGuid = {AC46EDB7-230E-47A4-A5CF-169DA0DDBDEC}
	EndGlobalSection
EndGlobal
